// !$*UTF8*$!
{
	archiveVersion = 1;
	classes = {
	};
	objectVersion = 50;
	objects = {

/* Begin PBXBuildFile section */
		40029B0422808ABA003434E4 /* AppDelegate.m in Sources */ = {isa = PBXBuildFile; fileRef = 40029B0322808ABA003434E4 /* AppDelegate.m */; };
		40029B0722808ABA003434E4 /* ViewController.m in Sources */ = {isa = PBXBuildFile; fileRef = 40029B0622808ABA003434E4 /* ViewController.m */; };
		40029B0C22808ABC003434E4 /* Assets.xcassets in Resources */ = {isa = PBXBuildFile; fileRef = 40029B0B22808ABC003434E4 /* Assets.xcassets */; };
		40029B0F22808ABC003434E4 /* LaunchScreen.storyboard in Resources */ = {isa = PBXBuildFile; fileRef = 40029B0D22808ABC003434E4 /* LaunchScreen.storyboard */; };
		40029B1222808ABC003434E4 /* main.m in Sources */ = {isa = PBXBuildFile; fileRef = 40029B1122808ABC003434E4 /* main.m */; };
		40620A3D22887B880035519B /* FullEntryViewController.m in Sources */ = {isa = PBXBuildFile; fileRef = 40620A3C22887B880035519B /* FullEntryViewController.m */; };
		40796DC6228093B2004F6796 /* NWService.m in Sources */ = {isa = PBXBuildFile; fileRef = 40796DC5228093B2004F6796 /* NWService.m */; };
		408D584722916D150041DA03 /* SessionListViewController.m in Sources */ = {isa = PBXBuildFile; fileRef = 408D584622916D150041DA03 /* SessionListViewController.m */; };
		408D584A2291A7460041DA03 /* SessionCell.m in Sources */ = {isa = PBXBuildFile; fileRef = 408D58492291A7460041DA03 /* SessionCell.m */; };
		409902BC22815C980078EB8F /* Model.m in Sources */ = {isa = PBXBuildFile; fileRef = 409902BB22815C980078EB8F /* Model.m */; };
		40A9ABEC228E95240000B60B /* QSTbnetTestAPI.xcdatamodeld in Sources */ = {isa = PBXBuildFile; fileRef = 40A9ABEA228E95240000B60B /* QSTbnetTestAPI.xcdatamodeld */; };
		40A9ABF7228E9A920000B60B /* CDService.m in Sources */ = {isa = PBXBuildFile; fileRef = 40A9ABF6228E9A920000B60B /* CDService.m */; };
		40AC2D1A2280A18500555894 /* AddEntryViewController.m in Sources */ = {isa = PBXBuildFile; fileRef = 40AC2D192280A18500555894 /* AddEntryViewController.m */; };
		40AE2EB922823A6E00706149 /* EntryCell.m in Sources */ = {isa = PBXBuildFile; fileRef = 40AE2EB822823A6E00706149 /* EntryCell.m */; };
/* End PBXBuildFile section */

/* Begin PBXFileReference section */
		40029AFF22808ABA003434E4 /* QSTbnetTestAPI.app */ = {isa = PBXFileReference; explicitFileType = wrapper.application; includeInIndex = 0; path = QSTbnetTestAPI.app; sourceTree = BUILT_PRODUCTS_DIR; };
		40029B0222808ABA003434E4 /* AppDelegate.h */ = {isa = PBXFileReference; lastKnownFileType = sourcecode.c.h; path = AppDelegate.h; sourceTree = "<group>"; };
		40029B0322808ABA003434E4 /* AppDelegate.m */ = {isa = PBXFileReference; lastKnownFileType = sourcecode.c.objc; path = AppDelegate.m; sourceTree = "<group>"; };
		40029B0522808ABA003434E4 /* ViewController.h */ = {isa = PBXFileReference; lastKnownFileType = sourcecode.c.h; path = ViewController.h; sourceTree = "<group>"; };
		40029B0622808ABA003434E4 /* ViewController.m */ = {isa = PBXFileReference; lastKnownFileType = sourcecode.c.objc; path = ViewController.m; sourceTree = "<group>"; };
		40029B0B22808ABC003434E4 /* Assets.xcassets */ = {isa = PBXFileReference; lastKnownFileType = folder.assetcatalog; path = Assets.xcassets; sourceTree = "<group>"; };
		40029B0E22808ABC003434E4 /* Base */ = {isa = PBXFileReference; lastKnownFileType = file.storyboard; name = Base; path = Base.lproj/LaunchScreen.storyboard; sourceTree = "<group>"; };
		40029B1022808ABC003434E4 /* Info.plist */ = {isa = PBXFileReference; lastKnownFileType = text.plist.xml; path = Info.plist; sourceTree = "<group>"; };
		40029B1122808ABC003434E4 /* main.m */ = {isa = PBXFileReference; lastKnownFileType = sourcecode.c.objc; path = main.m; sourceTree = "<group>"; };
		40620A3B22887B880035519B /* FullEntryViewController.h */ = {isa = PBXFileReference; lastKnownFileType = sourcecode.c.h; path = FullEntryViewController.h; sourceTree = "<group>"; };
		40620A3C22887B880035519B /* FullEntryViewController.m */ = {isa = PBXFileReference; lastKnownFileType = sourcecode.c.objc; path = FullEntryViewController.m; sourceTree = "<group>"; };
		40796DC4228093B2004F6796 /* NWService.h */ = {isa = PBXFileReference; lastKnownFileType = sourcecode.c.h; path = NWService.h; sourceTree = "<group>"; };
		40796DC5228093B2004F6796 /* NWService.m */ = {isa = PBXFileReference; lastKnownFileType = sourcecode.c.objc; path = NWService.m; sourceTree = "<group>"; };
		40796DC72280942A004F6796 /* NWServiceProtocol.h */ = {isa = PBXFileReference; lastKnownFileType = sourcecode.c.h; path = NWServiceProtocol.h; sourceTree = "<group>"; };
		408D584522916D150041DA03 /* SessionListViewController.h */ = {isa = PBXFileReference; lastKnownFileType = sourcecode.c.h; path = SessionListViewController.h; sourceTree = "<group>"; };
		408D584622916D150041DA03 /* SessionListViewController.m */ = {isa = PBXFileReference; lastKnownFileType = sourcecode.c.objc; path = SessionListViewController.m; sourceTree = "<group>"; };
		408D58482291A7460041DA03 /* SessionCell.h */ = {isa = PBXFileReference; lastKnownFileType = sourcecode.c.h; path = SessionCell.h; sourceTree = "<group>"; };
		408D58492291A7460041DA03 /* SessionCell.m */ = {isa = PBXFileReference; lastKnownFileType = sourcecode.c.objc; path = SessionCell.m; sourceTree = "<group>"; };
		409902BA22815C980078EB8F /* Model.h */ = {isa = PBXFileReference; lastKnownFileType = sourcecode.c.h; path = Model.h; sourceTree = "<group>"; };
		409902BB22815C980078EB8F /* Model.m */ = {isa = PBXFileReference; lastKnownFileType = sourcecode.c.objc; path = Model.m; sourceTree = "<group>"; };
		409902BD22815CDE0078EB8F /* ModelProtocol.h */ = {isa = PBXFileReference; lastKnownFileType = sourcecode.c.h; path = ModelProtocol.h; sourceTree = "<group>"; };
		40A9ABEB228E95240000B60B /* QSTbnetTestAPI.xcdatamodel */ = {isa = PBXFileReference; lastKnownFileType = wrapper.xcdatamodel; path = QSTbnetTestAPI.xcdatamodel; sourceTree = "<group>"; };
		40A9ABF5228E9A920000B60B /* CDService.h */ = {isa = PBXFileReference; lastKnownFileType = sourcecode.c.h; path = CDService.h; sourceTree = "<group>"; };
		40A9ABF6228E9A920000B60B /* CDService.m */ = {isa = PBXFileReference; lastKnownFileType = sourcecode.c.objc; path = CDService.m; sourceTree = "<group>"; };
		40A9ABF8228E9ACC0000B60B /* CDServiceProtocol.h */ = {isa = PBXFileReference; lastKnownFileType = sourcecode.c.h; path = CDServiceProtocol.h; sourceTree = "<group>"; };
		40AC2D182280A18500555894 /* AddEntryViewController.h */ = {isa = PBXFileReference; lastKnownFileType = sourcecode.c.h; path = AddEntryViewController.h; sourceTree = "<group>"; };
		40AC2D192280A18500555894 /* AddEntryViewController.m */ = {isa = PBXFileReference; lastKnownFileType = sourcecode.c.objc; path = AddEntryViewController.m; sourceTree = "<group>"; };
		40AE2EB722823A6E00706149 /* EntryCell.h */ = {isa = PBXFileReference; lastKnownFileType = sourcecode.c.h; path = EntryCell.h; sourceTree = "<group>"; };
		40AE2EB822823A6E00706149 /* EntryCell.m */ = {isa = PBXFileReference; lastKnownFileType = sourcecode.c.objc; path = EntryCell.m; sourceTree = "<group>"; };
/* End PBXFileReference section */

/* Begin PBXFrameworksBuildPhase section */
		40029AFC22808ABA003434E4 /* Frameworks */ = {
			isa = PBXFrameworksBuildPhase;
			buildActionMask = 2147483647;
			files = (
			);
			runOnlyForDeploymentPostprocessing = 0;
		};
/* End PBXFrameworksBuildPhase section */

/* Begin PBXGroup section */
		40029AF622808ABA003434E4 = {
			isa = PBXGroup;
			children = (
				40029B0122808ABA003434E4 /* QSTbnetTestAPI */,
				40029B0022808ABA003434E4 /* Products */,
			);
			sourceTree = "<group>";
		};
		40029B0022808ABA003434E4 /* Products */ = {
			isa = PBXGroup;
			children = (
				40029AFF22808ABA003434E4 /* QSTbnetTestAPI.app */,
			);
			name = Products;
			sourceTree = "<group>";
		};
		40029B0122808ABA003434E4 /* QSTbnetTestAPI */ = {
			isa = PBXGroup;
			children = (
				40AE2EB522823A3400706149 /* Views */,
				409902B922815C730078EB8F /* Model */,
				40796DC22280934A004F6796 /* Services */,
				40029B0222808ABA003434E4 /* AppDelegate.h */,
				40029B0322808ABA003434E4 /* AppDelegate.m */,
				40029B0B22808ABC003434E4 /* Assets.xcassets */,
				40029B1022808ABC003434E4 /* Info.plist */,
				40029B1122808ABC003434E4 /* main.m */,
				40029B0D22808ABC003434E4 /* LaunchScreen.storyboard */,
				40A9ABEA228E95240000B60B /* QSTbnetTestAPI.xcdatamodeld */,
			);
			path = QSTbnetTestAPI;
			sourceTree = "<group>";
		};
		40796DC22280934A004F6796 /* Services */ = {
			isa = PBXGroup;
			children = (
				40A9ABED228E97100000B60B /* CoreData */,
				40796DC322809352004F6796 /* Network */,
			);
			name = Services;
			sourceTree = "<group>";
		};
		40796DC322809352004F6796 /* Network */ = {
			isa = PBXGroup;
			children = (
				40796DC4228093B2004F6796 /* NWService.h */,
				40796DC5228093B2004F6796 /* NWService.m */,
				40796DC72280942A004F6796 /* NWServiceProtocol.h */,
			);
			name = Network;
			sourceTree = "<group>";
		};
		409902B922815C730078EB8F /* Model */ = {
			isa = PBXGroup;
			children = (
				409902BA22815C980078EB8F /* Model.h */,
				409902BB22815C980078EB8F /* Model.m */,
				409902BD22815CDE0078EB8F /* ModelProtocol.h */,
			);
			name = Model;
			sourceTree = "<group>";
		};
		40A9ABED228E97100000B60B /* CoreData */ = {
			isa = PBXGroup;
			children = (
				40A9ABF5228E9A920000B60B /* CDService.h */,
				40A9ABF6228E9A920000B60B /* CDService.m */,
				40A9ABF8228E9ACC0000B60B /* CDServiceProtocol.h */,
			);
			name = CoreData;
			sourceTree = "<group>";
		};
		40AE2EB522823A3400706149 /* Views */ = {
			isa = PBXGroup;
			children = (
				40AE2EB622823A3D00706149 /* Cells */,
				40029B0522808ABA003434E4 /* ViewController.h */,
				40029B0622808ABA003434E4 /* ViewController.m */,
				40AC2D182280A18500555894 /* AddEntryViewController.h */,
				40AC2D192280A18500555894 /* AddEntryViewController.m */,
				40620A3B22887B880035519B /* FullEntryViewController.h */,
				40620A3C22887B880035519B /* FullEntryViewController.m */,
				408D584522916D150041DA03 /* SessionListViewController.h */,
				408D584622916D150041DA03 /* SessionListViewController.m */,
			);
			name = Views;
			sourceTree = "<group>";
		};
		40AE2EB622823A3D00706149 /* Cells */ = {
			isa = PBXGroup;
			children = (
				40AE2EB722823A6E00706149 /* EntryCell.h */,
				40AE2EB822823A6E00706149 /* EntryCell.m */,
				408D58482291A7460041DA03 /* SessionCell.h */,
				408D58492291A7460041DA03 /* SessionCell.m */,
			);
			name = Cells;
			sourceTree = "<group>";
		};
/* End PBXGroup section */

/* Begin PBXNativeTarget section */
		40029AFE22808ABA003434E4 /* QSTbnetTestAPI */ = {
			isa = PBXNativeTarget;
			buildConfigurationList = 40029B1522808ABC003434E4 /* Build configuration list for PBXNativeTarget "QSTbnetTestAPI" */;
			buildPhases = (
				40029AFB22808ABA003434E4 /* Sources */,
				40029AFC22808ABA003434E4 /* Frameworks */,
				40029AFD22808ABA003434E4 /* Resources */,
			);
			buildRules = (
			);
			dependencies = (
			);
			name = QSTbnetTestAPI;
			productName = QSTbnetTestAPI;
			productReference = 40029AFF22808ABA003434E4 /* QSTbnetTestAPI.app */;
			productType = "com.apple.product-type.application";
		};
/* End PBXNativeTarget section */

/* Begin PBXProject section */
		40029AF722808ABA003434E4 /* Project object */ = {
			isa = PBXProject;
			attributes = {
				LastUpgradeCheck = 1020;
				ORGANIZATIONNAME = Qstove;
				TargetAttributes = {
					40029AFE22808ABA003434E4 = {
						CreatedOnToolsVersion = 10.2.1;
					};
				};
			};
			buildConfigurationList = 40029AFA22808ABA003434E4 /* Build configuration list for PBXProject "QSTbnetTestAPI" */;
			compatibilityVersion = "Xcode 9.3";
			developmentRegion = en;
			hasScannedForEncodings = 0;
			knownRegions = (
				en,
				Base,
			);
			mainGroup = 40029AF622808ABA003434E4;
			productRefGroup = 40029B0022808ABA003434E4 /* Products */;
			projectDirPath = "";
			projectRoot = "";
			targets = (
				40029AFE22808ABA003434E4 /* QSTbnetTestAPI */,
			);
		};
/* End PBXProject section */

/* Begin PBXResourcesBuildPhase section */
		40029AFD22808ABA003434E4 /* Resources */ = {
			isa = PBXResourcesBuildPhase;
			buildActionMask = 2147483647;
			files = (
				40029B0F22808ABC003434E4 /* LaunchScreen.storyboard in Resources */,
				40029B0C22808ABC003434E4 /* Assets.xcassets in Resources */,
			);
			runOnlyForDeploymentPostprocessing = 0;
		};
/* End PBXResourcesBuildPhase section */

/* Begin PBXSourcesBuildPhase section */
		40029AFB22808ABA003434E4 /* Sources */ = {
			isa = PBXSourcesBuildPhase;
			buildActionMask = 2147483647;
			files = (
				40620A3D22887B880035519B /* FullEntryViewController.m in Sources */,
				40AE2EB922823A6E00706149 /* EntryCell.m in Sources */,
				40796DC6228093B2004F6796 /* NWService.m in Sources */,
				40AC2D1A2280A18500555894 /* AddEntryViewController.m in Sources */,
				408D584722916D150041DA03 /* SessionListViewController.m in Sources */,
				40029B0722808ABA003434E4 /* ViewController.m in Sources */,
				409902BC22815C980078EB8F /* Model.m in Sources */,
				40029B1222808ABC003434E4 /* main.m in Sources */,
				408D584A2291A7460041DA03 /* SessionCell.m in Sources */,
				40029B0422808ABA003434E4 /* AppDelegate.m in Sources */,
				40A9ABF7228E9A920000B60B /* CDService.m in Sources */,
				40A9ABEC228E95240000B60B /* QSTbnetTestAPI.xcdatamodeld in Sources */,
			);
			runOnlyForDeploymentPostprocessing = 0;
		};
/* End PBXSourcesBuildPhase section */

/* Begin PBXVariantGroup section */
		40029B0D22808ABC003434E4 /* LaunchScreen.storyboard */ = {
			isa = PBXVariantGroup;
			children = (
				40029B0E22808ABC003434E4 /* Base */,
			);
			name = LaunchScreen.storyboard;
			sourceTree = "<group>";
		};
/* End PBXVariantGroup section */

/* Begin XCBuildConfiguration section */
		40029B1322808ABC003434E4 /* Debug */ = {
			isa = XCBuildConfiguration;
			buildSettings = {
				ALWAYS_SEARCH_USER_PATHS = NO;
				CLANG_ANALYZER_NONNULL = YES;
				CLANG_ANALYZER_NUMBER_OBJECT_CONVERSION = YES_AGGRESSIVE;
				CLANG_CXX_LANGUAGE_STANDARD = "gnu++14";
				CLANG_CXX_LIBRARY = "libc++";
				CLANG_ENABLE_MODULES = YES;
				CLANG_ENABLE_OBJC_ARC = YES;
				CLANG_ENABLE_OBJC_WEAK = YES;
				CLANG_WARN_BLOCK_CAPTURE_AUTORELEASING = YES;
				CLANG_WARN_BOOL_CONVERSION = YES;
				CLANG_WARN_COMMA = YES;
				CLANG_WARN_CONSTANT_CONVERSION = YES;
				CLANG_WARN_DEPRECATED_OBJC_IMPLEMENTATIONS = YES;
				CLANG_WARN_DIRECT_OBJC_ISA_USAGE = YES_ERROR;
				CLANG_WARN_DOCUMENTATION_COMMENTS = YES;
				CLANG_WARN_EMPTY_BODY = YES;
				CLANG_WARN_ENUM_CONVERSION = YES;
				CLANG_WARN_INFINITE_RECURSION = YES;
				CLANG_WARN_INT_CONVERSION = YES;
				CLANG_WARN_NON_LITERAL_NULL_CONVERSION = YES;
				CLANG_WARN_OBJC_IMPLICIT_RETAIN_SELF = YES;
				CLANG_WARN_OBJC_LITERAL_CONVERSION = YES;
				CLANG_WARN_OBJC_ROOT_CLASS = YES_ERROR;
				CLANG_WARN_RANGE_LOOP_ANALYSIS = YES;
				CLANG_WARN_STRICT_PROTOTYPES = YES;
				CLANG_WARN_SUSPICIOUS_MOVE = YES;
				CLANG_WARN_UNGUARDED_AVAILABILITY = YES_AGGRESSIVE;
				CLANG_WARN_UNREACHABLE_CODE = YES;
				CLANG_WARN__DUPLICATE_METHOD_MATCH = YES;
				CODE_SIGN_IDENTITY = "iPhone Developer";
				COPY_PHASE_STRIP = NO;
				DEBUG_INFORMATION_FORMAT = dwarf;
				ENABLE_STRICT_OBJC_MSGSEND = YES;
				ENABLE_TESTABILITY = YES;
				GCC_C_LANGUAGE_STANDARD = gnu11;
				GCC_DYNAMIC_NO_PIC = NO;
				GCC_NO_COMMON_BLOCKS = YES;
				GCC_OPTIMIZATION_LEVEL = 0;
				GCC_PREPROCESSOR_DEFINITIONS = (
					"DEBUG=1",
					"$(inherited)",
				);
				GCC_WARN_64_TO_32_BIT_CONVERSION = YES;
				GCC_WARN_ABOUT_RETURN_TYPE = YES_ERROR;
				GCC_WARN_UNDECLARED_SELECTOR = YES;
				GCC_WARN_UNINITIALIZED_AUTOS = YES_AGGRESSIVE;
				GCC_WARN_UNUSED_FUNCTION = YES;
				GCC_WARN_UNUSED_VARIABLE = YES;
				IPHONEOS_DEPLOYMENT_TARGET = 12.2;
				MTL_ENABLE_DEBUG_INFO = INCLUDE_SOURCE;
				MTL_FAST_MATH = YES;
				ONLY_ACTIVE_ARCH = YES;
				SDKROOT = iphoneos;
			};
			name = Debug;
		};
		40029B1422808ABC003434E4 /* Release */ = {
			isa = XCBuildConfiguration;
			buildSettings = {
				ALWAYS_SEARCH_USER_PATHS = NO;
				CLANG_ANALYZER_NONNULL = YES;
				CLANG_ANALYZER_NUMBER_OBJECT_CONVERSION = YES_AGGRESSIVE;
				CLANG_CXX_LANGUAGE_STANDARD = "gnu++14";
				CLANG_CXX_LIBRARY = "libc++";
				CLANG_ENABLE_MODULES = YES;
				CLANG_ENABLE_OBJC_ARC = YES;
				CLANG_ENABLE_OBJC_WEAK = YES;
				CLANG_WARN_BLOCK_CAPTURE_AUTORELEASING = YES;
				CLANG_WARN_BOOL_CONVERSION = YES;
				CLANG_WARN_COMMA = YES;
				CLANG_WARN_CONSTANT_CONVERSION = YES;
				CLANG_WARN_DEPRECATED_OBJC_IMPLEMENTATIONS = YES;
				CLANG_WARN_DIRECT_OBJC_ISA_USAGE = YES_ERROR;
				CLANG_WARN_DOCUMENTATION_COMMENTS = YES;
				CLANG_WARN_EMPTY_BODY = YES;
				CLANG_WARN_ENUM_CONVERSION = YES;
				CLANG_WARN_INFINITE_RECURSION = YES;
				CLANG_WARN_INT_CONVERSION = YES;
				CLANG_WARN_NON_LITERAL_NULL_CONVERSION = YES;
				CLANG_WARN_OBJC_IMPLICIT_RETAIN_SELF = YES;
				CLANG_WARN_OBJC_LITERAL_CONVERSION = YES;
				CLANG_WARN_OBJC_ROOT_CLASS = YES_ERROR;
				CLANG_WARN_RANGE_LOOP_ANALYSIS = YES;
				CLANG_WARN_STRICT_PROTOTYPES = YES;
				CLANG_WARN_SUSPICIOUS_MOVE = YES;
				CLANG_WARN_UNGUARDED_AVAILABILITY = YES_AGGRESSIVE;
				CLANG_WARN_UNREACHABLE_CODE = YES;
				CLANG_WARN__DUPLICATE_METHOD_MATCH = YES;
				CODE_SIGN_IDENTITY = "iPhone Developer";
				COPY_PHASE_STRIP = NO;
				DEBUG_INFORMATION_FORMAT = "dwarf-with-dsym";
				ENABLE_NS_ASSERTIONS = NO;
				ENABLE_STRICT_OBJC_MSGSEND = YES;
				GCC_C_LANGUAGE_STANDARD = gnu11;
				GCC_NO_COMMON_BLOCKS = YES;
				GCC_WARN_64_TO_32_BIT_CONVERSION = YES;
				GCC_WARN_ABOUT_RETURN_TYPE = YES_ERROR;
				GCC_WARN_UNDECLARED_SELECTOR = YES;
				GCC_WARN_UNINITIALIZED_AUTOS = YES_AGGRESSIVE;
				GCC_WARN_UNUSED_FUNCTION = YES;
				GCC_WARN_UNUSED_VARIABLE = YES;
				IPHONEOS_DEPLOYMENT_TARGET = 12.2;
				MTL_ENABLE_DEBUG_INFO = NO;
				MTL_FAST_MATH = YES;
				SDKROOT = iphoneos;
				VALIDATE_PRODUCT = YES;
			};
			name = Release;
		};
		40029B1622808ABC003434E4 /* Debug */ = {
			isa = XCBuildConfiguration;
			buildSettings = {
				ASSETCATALOG_COMPILER_APPICON_NAME = AppIcon;
				CODE_SIGN_IDENTITY = "iPhone Developer";
				CODE_SIGN_STYLE = Automatic;
				DEVELOPMENT_TEAM = 996LRUNHW7;
				INFOPLIST_FILE = QSTbnetTestAPI/Info.plist;
				IPHONEOS_DEPLOYMENT_TARGET = 12.1;
				LD_RUNPATH_SEARCH_PATHS = (
					"$(inherited)",
					"@executable_path/Frameworks",
				);
				PRODUCT_BUNDLE_IDENTIFIER = Qstove.QSTbnetTestAPI;
				PRODUCT_NAME = "$(TARGET_NAME)";
				PROVISIONING_PROFILE_SPECIFIER = "";
				TARGETED_DEVICE_FAMILY = "1,2";
			};
			name = Debug;
		};
		40029B1722808ABC003434E4 /* Release */ = {
			isa = XCBuildConfiguration;
			buildSettings = {
				ASSETCATALOG_COMPILER_APPICON_NAME = AppIcon;
				CODE_SIGN_IDENTITY = "iPhone Developer";
				CODE_SIGN_STYLE = Automatic;
				DEVELOPMENT_TEAM = 996LRUNHW7;
				INFOPLIST_FILE = QSTbnetTestAPI/Info.plist;
				IPHONEOS_DEPLOYMENT_TARGET = 12.1;
				LD_RUNPATH_SEARCH_PATHS = (
					"$(inherited)",
					"@executable_path/Frameworks",
				);
				PRODUCT_BUNDLE_IDENTIFIER = Qstove.QSTbnetTestAPI;
				PRODUCT_NAME = "$(TARGET_NAME)";
				PROVISIONING_PROFILE_SPECIFIER = "";
				TARGETED_DEVICE_FAMILY = "1,2";
			};
			name = Release;
		};
/* End XCBuildConfiguration section */

/* Begin XCConfigurationList section */
		40029AFA22808ABA003434E4 /* Build configuration list for PBXProject "QSTbnetTestAPI" */ = {
			isa = XCConfigurationList;
			buildConfigurations = (
				40029B1322808ABC003434E4 /* Debug */,
				40029B1422808ABC003434E4 /* Release */,
			);
			defaultConfigurationIsVisible = 0;
			defaultConfigurationName = Release;
		};
		40029B1522808ABC003434E4 /* Build configuration list for PBXNativeTarget "QSTbnetTestAPI" */ = {
			isa = XCConfigurationList;
			buildConfigurations = (
				40029B1622808ABC003434E4 /* Debug */,
				40029B1722808ABC003434E4 /* Release */,
			);
			defaultConfigurationIsVisible = 0;
			defaultConfigurationName = Release;
		};
/* End XCConfigurationList section */

/* Begin XCVersionGroup section */
		40A9ABEA228E95240000B60B /* QSTbnetTestAPI.xcdatamodeld */ = {
			isa = XCVersionGroup;
			children = (
				40A9ABEB228E95240000B60B /* QSTbnetTestAPI.xcdatamodel */,
			);
			currentVersion = 40A9ABEB228E95240000B60B /* QSTbnetTestAPI.xcdatamodel */;
			path = QSTbnetTestAPI.xcdatamodeld;
			sourceTree = "<group>";
			versionGroupType = wrapper.xcdatamodel;
		};
/* End XCVersionGroup section */
	};
	rootObject = 40029AF722808ABA003434E4 /* Project object */;
}
